
Microsoft Visual Studio Solution File, Format Version 12.00
# Visual Studio 2013
VisualStudioVersion = 12.0.31101.0
MinimumVisualStudioVersion = 10.0.40219.1
Project("{FAE04EC0-301F-11D3-BF4B-00C04F79EFBC}") = "Quiron.LojaVirtual.Dominio", "Quiron.LojaVirtual.Dominio\Quiron.LojaVirtual.Dominio.csproj", "{2414D7BB-014C-470B-A14B-5EBFFD13A0A0}"
EndProject
Project("{FAE04EC0-301F-11D3-BF4B-00C04F79EFBC}") = "Quiron.LojaVritual.Web", "Quiron.LojaVritual.Web\Quiron.LojaVritual.Web.csproj", "{4475F280-58B1-48DC-8862-6BB53B6A42CA}"
EndProject
Project("{FAE04EC0-301F-11D3-BF4B-00C04F79EFBC}") = "Quiron.LojaVirtual.Unit Test", "Quiron.LojaVirtual.UnitTest\Quiron.LojaVirtual.Unit Test.csproj", "{F9C0C5AB-CD53-4A86-B23B-4EE6F2332590}"
EndProject
Global
	GlobalSection(SolutionConfigurationPlatforms) = preSolution
		Debug|Any CPU = Debug|Any CPU
		Release|Any CPU = Release|Any CPU
	EndGlobalSection
	GlobalSection(ProjectConfigurationPlatforms) = postSolution
		{2414D7BB-014C-470B-A14B-5EBFFD13A0A0}.Debug|Any CPU.ActiveCfg = Debug|Any CPU
		{2414D7BB-014C-470B-A14B-5EBFFD13A0A0}.Debug|Any CPU.Build.0 = Debug|Any CPU
		{2414D7BB-014C-470B-A14B-5EBFFD13A0A0}.Release|Any CPU.ActiveCfg = Release|Any CPU
		{2414D7BB-014C-470B-A14B-5EBFFD13A0A0}.Release|Any CPU.Build.0 = Release|Any CPU
		{4475F280-58B1-48DC-8862-6BB53B6A42CA}.Debug|Any CPU.ActiveCfg = Debug|Any CPU
		{4475F280-58B1-48DC-8862-6BB53B6A42CA}.Debug|Any CPU.Build.0 = Debug|Any CPU
		{4475F280-58B1-48DC-8862-6BB53B6A42CA}.Release|Any CPU.ActiveCfg = Release|Any CPU
		{4475F280-58B1-48DC-8862-6BB53B6A42CA}.Release|Any CPU.Build.0 = Release|Any CPU
		{F9C0C5AB-CD53-4A86-B23B-4EE6F2332590}.Debug|Any CPU.ActiveCfg = Debug|Any CPU
		{F9C0C5AB-CD53-4A86-B23B-4EE6F2332590}.Debug|Any CPU.Build.0 = Debug|Any CPU
		{F9C0C5AB-CD53-4A86-B23B-4EE6F2332590}.Release|Any CPU.ActiveCfg = Release|Any CPU
		{F9C0C5AB-CD53-4A86-B23B-4EE6F2332590}.Release|Any CPU.Build.0 = Release|Any CPU
	EndGlobalSection
	GlobalSection(SolutionProperties) = preSolution
		HideSolutionNode = FALSE
	EndGlobalSection
EndGlobal
